
Microsoft Visual Studio Solution File, Format Version 12.00
# Visual Studio 15
VisualStudioVersion = 15.0.28307.271
MinimumVisualStudioVersion = 10.0.40219.1
Project("{9A19103F-16F7-4668-BE54-9A1E7A4F7556}") = "CategoryService", "CategoryService\CategoryService.csproj", "{87793B26-7BE3-4BDF-B820-23913D2CE2FA}"
EndProject
Project("{9A19103F-16F7-4668-BE54-9A1E7A4F7556}") = "UserService", "UserService\UserService.csproj", "{5F96ADBB-237D-4243-94FC-308F9C9F039C}"
EndProject
Project("{9A19103F-16F7-4668-BE54-9A1E7A4F7556}") = "ReminderService", "ReminderService\ReminderService.csproj", "{8F1CB63B-9CC3-47FC-B059-8EF922F368B8}"
EndProject
Project("{9A19103F-16F7-4668-BE54-9A1E7A4F7556}") = "NoteService", "NoteService\NoteService.csproj", "{E0E97A5D-5C91-4243-A8A0-3A53E5AEB5D3}"
EndProject
Project("{9A19103F-16F7-4668-BE54-9A1E7A4F7556}") = "Test", "test\Test.csproj", "{78C00388-8133-486E-A2CA-959CB47D00D0}"
EndProject
Project("{9A19103F-16F7-4668-BE54-9A1E7A4F7556}") = "AuthenticationService", "AuthenticationService\AuthenticationService.csproj", "{F54EE26E-1215-47A7-8E7A-0006B71BCCD2}"
EndProject
Global
	GlobalSection(SolutionConfigurationPlatforms) = preSolution
		Debug|Any CPU = Debug|Any CPU
		Release|Any CPU = Release|Any CPU
	EndGlobalSection
	GlobalSection(ProjectConfigurationPlatforms) = postSolution
		{87793B26-7BE3-4BDF-B820-23913D2CE2FA}.Debug|Any CPU.ActiveCfg = Debug|Any CPU
		{87793B26-7BE3-4BDF-B820-23913D2CE2FA}.Debug|Any CPU.Build.0 = Debug|Any CPU
		{87793B26-7BE3-4BDF-B820-23913D2CE2FA}.Release|Any CPU.ActiveCfg = Release|Any CPU
		{87793B26-7BE3-4BDF-B820-23913D2CE2FA}.Release|Any CPU.Build.0 = Release|Any CPU
		{5F96ADBB-237D-4243-94FC-308F9C9F039C}.Debug|Any CPU.ActiveCfg = Debug|Any CPU
		{5F96ADBB-237D-4243-94FC-308F9C9F039C}.Debug|Any CPU.Build.0 = Debug|Any CPU
		{5F96ADBB-237D-4243-94FC-308F9C9F039C}.Release|Any CPU.ActiveCfg = Release|Any CPU
		{5F96ADBB-237D-4243-94FC-308F9C9F039C}.Release|Any CPU.Build.0 = Release|Any CPU
		{8F1CB63B-9CC3-47FC-B059-8EF922F368B8}.Debug|Any CPU.ActiveCfg = Debug|Any CPU
		{8F1CB63B-9CC3-47FC-B059-8EF922F368B8}.Debug|Any CPU.Build.0 = Debug|Any CPU
		{8F1CB63B-9CC3-47FC-B059-8EF922F368B8}.Release|Any CPU.ActiveCfg = Release|Any CPU
		{8F1CB63B-9CC3-47FC-B059-8EF922F368B8}.Release|Any CPU.Build.0 = Release|Any CPU
		{E0E97A5D-5C91-4243-A8A0-3A53E5AEB5D3}.Debug|Any CPU.ActiveCfg = Debug|Any CPU
		{E0E97A5D-5C91-4243-A8A0-3A53E5AEB5D3}.Debug|Any CPU.Build.0 = Debug|Any CPU
		{E0E97A5D-5C91-4243-A8A0-3A53E5AEB5D3}.Release|Any CPU.ActiveCfg = Release|Any CPU
		{E0E97A5D-5C91-4243-A8A0-3A53E5AEB5D3}.Release|Any CPU.Build.0 = Release|Any CPU
		{78C00388-8133-486E-A2CA-959CB47D00D0}.Debug|Any CPU.ActiveCfg = Debug|Any CPU
		{78C00388-8133-486E-A2CA-959CB47D00D0}.Debug|Any CPU.Build.0 = Debug|Any CPU
		{78C00388-8133-486E-A2CA-959CB47D00D0}.Release|Any CPU.ActiveCfg = Release|Any CPU
		{78C00388-8133-486E-A2CA-959CB47D00D0}.Release|Any CPU.Build.0 = Release|Any CPU
		{F54EE26E-1215-47A7-8E7A-0006B71BCCD2}.Debug|Any CPU.ActiveCfg = Debug|Any CPU
		{F54EE26E-1215-47A7-8E7A-0006B71BCCD2}.Debug|Any CPU.Build.0 = Debug|Any CPU
		{F54EE26E-1215-47A7-8E7A-0006B71BCCD2}.Release|Any CPU.ActiveCfg = Release|Any CPU
		{F54EE26E-1215-47A7-8E7A-0006B71BCCD2}.Release|Any CPU.Build.0 = Release|Any CPU
	EndGlobalSection
	GlobalSection(SolutionProperties) = preSolution
		HideSolutionNode = FALSE
	EndGlobalSection
	GlobalSection(ExtensibilityGlobals) = postSolution
		SolutionGuid = {9D9669D4-51AA-4068-A70C-C807EDE51470}
	EndGlobalSection
EndGlobal
